header:
    version: 14
overrides:
    repos:
        meta-tegra:
            commit: e4379e5131b0f0df3949c023a13f648506a3084d
        meta-tegra-community:
            commit: 241d1073ba8e610ef8da3fe8470b0a4d0567521f
        meta-virtualization:
            commit: a5449c0c50aa07d02186f548fe6bb6c1ce8823dc
        meta-openembedded:
            commit: 727811eaf256b88fd135be99559f2cbf14c82fce
        poky:
            commit: 7bb9c2255b3aed8441fba1133f350b223a3b6379
        meta-swupdate:
            commit: 43ef322cbf5b91d84b007c343cf73e9b01699594
