header:
    version: 14
overrides:
    repos:
        meta-tegra:
            commit: 924fac3ca880425768911a8f76df87f6dc5ed1dd
        meta-tegra-community:
            commit: 7bb9a44281367129a5c21e722f6fa1cf192b0827
        meta-virtualization:
            commit: 3dd635f613f7299d986a8ab6bc9f584370f8ed1d
        meta-openembedded:
            commit: 4d3e2639dec542b58708244662d5ce36810fc510
        poky:
            commit: b301218f4da7793624db3545efd8bf66888b77b0
        meta-swupdate:
            commit: 0792561b107e09c628f4765775726e9e68ad4713
