header:
    version: 14
overrides:
    repos:
        meta-tegra:
            commit: 447c21467f65be2389f68a189b6871f13729d222
        meta-tegra-community:
            commit: 241d1073ba8e610ef8da3fe8470b0a4d0567521f
        meta-virtualization:
            commit: 8b1543e121deda2445f80f74d85c10316d5b31f4
        meta-openembedded:
            commit: ec0469748be4159fb83fb0fa0148d786484c88cf
        poky:
            commit: 1d54d1c4736a114e1cecbe85a0306e3814d5ce70
        meta-swupdate:
            commit: 226701adf0f7c8ed08d4d6a7783e88d34ef2d5e9
